{
  "requires": true,
  "lockfileVersion": 1,
  "dependencies": {
    "@types/auth0-js": {
      "version": "9.12.4",
      "resolved": "https://registry.npmjs.org/@types/auth0-js/-/auth0-js-9.12.4.tgz",
      "integrity": "sha512-4r3OGEyRYb7r9lHd5TQ/9Mjszopv+JBC5c6Fb2lDfxc7PDFzIpSg9kD0l+4Kd6OmVwwWjqaBWCoqM8Clx/1Yig=="
    }
  }
}
